
Microsoft Visual Studio Solution File, Format Version 12.00
# Visual Studio 15
VisualStudioVersion = 15.0.26730.10
MinimumVisualStudioVersion = 10.0.40219.1
Project("{9A19103F-16F7-4668-BE54-9A1E7A4F7556}") = "GameOfLife", "GameOfLife\GameOfLife.csproj", "{3077FDC2-9DC7-49F6-B513-D777D56AEB8B}"
EndProject
Project("{FAE04EC0-301F-11D3-BF4B-00C04F79EFBC}") = "GameOfLife.Tests", "GameOfLife.Tests\GameOfLife.Tests.csproj", "{B6303FEB-B16D-4CC2-A0DD-2EAD03CC6D6E}"
EndProject
Global
	GlobalSection(SolutionConfigurationPlatforms) = preSolution
		Debug|Any CPU = Debug|Any CPU
		Release|Any CPU = Release|Any CPU
	EndGlobalSection
	GlobalSection(ProjectConfigurationPlatforms) = postSolution
		{3077FDC2-9DC7-49F6-B513-D777D56AEB8B}.Debug|Any CPU.ActiveCfg = Debug|Any CPU
		{3077FDC2-9DC7-49F6-B513-D777D56AEB8B}.Debug|Any CPU.Build.0 = Debug|Any CPU
		{3077FDC2-9DC7-49F6-B513-D777D56AEB8B}.Release|Any CPU.ActiveCfg = Release|Any CPU
		{3077FDC2-9DC7-49F6-B513-D777D56AEB8B}.Release|Any CPU.Build.0 = Release|Any CPU
		{B6303FEB-B16D-4CC2-A0DD-2EAD03CC6D6E}.Debug|Any CPU.ActiveCfg = Debug|Any CPU
		{B6303FEB-B16D-4CC2-A0DD-2EAD03CC6D6E}.Debug|Any CPU.Build.0 = Debug|Any CPU
		{B6303FEB-B16D-4CC2-A0DD-2EAD03CC6D6E}.Release|Any CPU.ActiveCfg = Release|Any CPU
		{B6303FEB-B16D-4CC2-A0DD-2EAD03CC6D6E}.Release|Any CPU.Build.0 = Release|Any CPU
	EndGlobalSection
	GlobalSection(SolutionProperties) = preSolution
		HideSolutionNode = FALSE
	EndGlobalSection
	GlobalSection(ExtensibilityGlobals) = postSolution
		SolutionGuid = {257D9466-C23E-4391-92AF-D0D11D2EF067}
	EndGlobalSection
EndGlobal
